// !$*UTF8*$!
{
	archiveVersion = 1;
	classes = {
	};
	objectVersion = 56;
	objects = {

/* Begin PBXBuildFile section */
		A517FC6F2BED3CB8005E6B89 /* IntroQuizApp.swift in Sources */ = {isa = PBXBuildFile; fileRef = A517FC6E2BED3CB8005E6B89 /* IntroQuizApp.swift */; };
		A517FC712BED3CB8005E6B89 /* HomeView.swift in Sources */ = {isa = PBXBuildFile; fileRef = A517FC702BED3CB8005E6B89 /* HomeView.swift */; };
		A517FC732BED3CB9005E6B89 /* Assets.xcassets in Resources */ = {isa = PBXBuildFile; fileRef = A517FC722BED3CB9005E6B89 /* Assets.xcassets */; };
		A517FC762BED3CB9005E6B89 /* Preview Assets.xcassets in Resources */ = {isa = PBXBuildFile; fileRef = A517FC752BED3CB9005E6B89 /* Preview Assets.xcassets */; };
		A517FC812BED4241005E6B89 /* QuizView.swift in Sources */ = {isa = PBXBuildFile; fileRef = A517FC802BED4241005E6B89 /* QuizView.swift */; };
		A517FC892BED5EAF005E6B89 /* InCorrectView.swift in Sources */ = {isa = PBXBuildFile; fileRef = A517FC882BED5EAF005E6B89 /* InCorrectView.swift */; };
		A517FC952BED9013005E6B89 /* ScoreView.swift in Sources */ = {isa = PBXBuildFile; fileRef = A517FC942BED9013005E6B89 /* ScoreView.swift */; };
		A53633992EB01398002E0B33 /* CorrectView.swift in Sources */ = {isa = PBXBuildFile; fileRef = A53633982EB01391002E0B33 /* CorrectView.swift */; };
		A536339B2EB3C365002E0B33 /* ViewModel.swift in Sources */ = {isa = PBXBuildFile; fileRef = A536339A2EB3C357002E0B33 /* ViewModel.swift */; };
		A536339D2EB3C8A3002E0B33 /* Model.swift in Sources */ = {isa = PBXBuildFile; fileRef = A536339C2EB3C89F002E0B33 /* Model.swift */; };
		A536339F2EB3CCB4002E0B33 /* before.swift in Sources */ = {isa = PBXBuildFile; fileRef = A536339E2EB3CCAF002E0B33 /* before.swift */; };
		A53633A12EB3EAB2002E0B33 /* ContentView.swift in Sources */ = {isa = PBXBuildFile; fileRef = A53633A02EB3EAA9002E0B33 /* ContentView.swift */; };
		A53633B62EB4101C002E0B33 /* 夜に駆ける.mp3 in Resources */ = {isa = PBXBuildFile; fileRef = A53633B52EB4101C002E0B33 /* 夜に駆ける.mp3 */; };
		A53633B72EB4101C002E0B33 /* ハルジオン.mp3 in Resources */ = {isa = PBXBuildFile; fileRef = A53633AE2EB4101C002E0B33 /* ハルジオン.mp3 */; };
		A53633B82EB4101C002E0B33 /* 色彩.mp3 in Resources */ = {isa = PBXBuildFile; fileRef = A53633B42EB4101C002E0B33 /* 色彩.mp3 */; };
		A53633B92EB4101C002E0B33 /* doku.mp3 in Resources */ = {isa = PBXBuildFile; fileRef = A53633A52EB4101C002E0B33 /* doku.mp3 */; };
		A53633BA2EB4101C002E0B33 /* SSS.mp3 in Resources */ = {isa = PBXBuildFile; fileRef = A53633A92EB4101C002E0B33 /* SSS.mp3 */; };
		A53633BB2EB4101C002E0B33 /* 祝福.mp3 in Resources */ = {isa = PBXBuildFile; fileRef = A53633B32EB4101C002E0B33 /* 祝福.mp3 */; };
		A53633BC2EB4101C002E0B33 /* 群青.mp3 in Resources */ = {isa = PBXBuildFile; fileRef = A53633B22EB4101C002E0B33 /* 群青.mp3 */; };
		A53633BD2EB4101C002E0B33 /* 怪物.mp3 in Resources */ = {isa = PBXBuildFile; fileRef = A53633B12EB4101C002E0B33 /* 怪物.mp3 */; };
		A53633BE2EB4101C002E0B33 /* Permission to Dance.mp3 in Resources */ = {isa = PBXBuildFile; fileRef = A53633A82EB4101C002E0B33 /* Permission to Dance.mp3 */; };
		A53633BF2EB4101C002E0B33 /* Dynamite.mp3 in Resources */ = {isa = PBXBuildFile; fileRef = A53633A62EB4101C002E0B33 /* Dynamite.mp3 */; };
		A53633C02EB4101C002E0B33 /* DNA.mp3 in Resources */ = {isa = PBXBuildFile; fileRef = A53633A42EB4101C002E0B33 /* DNA.mp3 */; };
		A53633C12EB4101C002E0B33 /* ドラマツルギー.mp3 in Resources */ = {isa = PBXBuildFile; fileRef = A53633AC2EB4101C002E0B33 /* ドラマツルギー.mp3 */; };
		A53633C22EB4101C002E0B33 /* Butter.mp3 in Resources */ = {isa = PBXBuildFile; fileRef = A53633A32EB4101C002E0B33 /* Butter.mp3 */; };
		A53633C32EB4101C002E0B33 /* アイドル.mp3 in Resources */ = {isa = PBXBuildFile; fileRef = A53633AB2EB4101C002E0B33 /* アイドル.mp3 */; };
		A53633C42EB4101C002E0B33 /* 廻廻奇譚.mp3 in Resources */ = {isa = PBXBuildFile; fileRef = A53633B02EB4101C002E0B33 /* 廻廻奇譚.mp3 */; };
		A53633C52EB4101C002E0B33 /* Boy With Luv.mp3 in Resources */ = {isa = PBXBuildFile; fileRef = A53633A22EB4101C002E0B33 /* Boy With Luv.mp3 */; };
		A53633C62EB4101C002E0B33 /* ファイトソング.mp3 in Resources */ = {isa = PBXBuildFile; fileRef = A53633AF2EB4101C002E0B33 /* ファイトソング.mp3 */; };
		A53633C72EB4101C002E0B33 /* ナンセンス文学.mp3 in Resources */ = {isa = PBXBuildFile; fileRef = A53633AD2EB4101C002E0B33 /* ナンセンス文学.mp3 */; };
		A53633C82EB4101C002E0B33 /* Sugar Rush Ride.mp3 in Resources */ = {isa = PBXBuildFile; fileRef = A53633AA2EB4101C002E0B33 /* Sugar Rush Ride.mp3 */; };
		A53633C92EB4101C002E0B33 /* lazy cat.mp3 in Resources */ = {isa = PBXBuildFile; fileRef = A53633A72EB4101C002E0B33 /* lazy cat.mp3 */; };
/* End PBXBuildFile section */

/* Begin PBXFileReference section */
		A517FC6B2BED3CB8005E6B89 /* Intro Quiz.app */ = {isa = PBXFileReference; explicitFileType = wrapper.application; includeInIndex = 0; path = "Intro Quiz.app"; sourceTree = BUILT_PRODUCTS_DIR; };
		A517FC6E2BED3CB8005E6B89 /* IntroQuizApp.swift */ = {isa = PBXFileReference; lastKnownFileType = sourcecode.swift; path = IntroQuizApp.swift; sourceTree = "<group>"; };
		A517FC702BED3CB8005E6B89 /* HomeView.swift */ = {isa = PBXFileReference; lastKnownFileType = sourcecode.swift; path = HomeView.swift; sourceTree = "<group>"; };
		A517FC722BED3CB9005E6B89 /* Assets.xcassets */ = {isa = PBXFileReference; lastKnownFileType = folder.assetcatalog; path = Assets.xcassets; sourceTree = "<group>"; };
		A517FC752BED3CB9005E6B89 /* Preview Assets.xcassets */ = {isa = PBXFileReference; lastKnownFileType = folder.assetcatalog; path = "Preview Assets.xcassets"; sourceTree = "<group>"; };
		A517FC802BED4241005E6B89 /* QuizView.swift */ = {isa = PBXFileReference; lastKnownFileType = sourcecode.swift; path = QuizView.swift; sourceTree = "<group>"; };
		A517FC882BED5EAF005E6B89 /* InCorrectView.swift */ = {isa = PBXFileReference; lastKnownFileType = sourcecode.swift; path = InCorrectView.swift; sourceTree = "<group>"; };
		A517FC942BED9013005E6B89 /* ScoreView.swift */ = {isa = PBXFileReference; lastKnownFileType = sourcecode.swift; path = ScoreView.swift; sourceTree = "<group>"; };
		A53633982EB01391002E0B33 /* CorrectView.swift */ = {isa = PBXFileReference; lastKnownFileType = sourcecode.swift; path = CorrectView.swift; sourceTree = "<group>"; };
		A536339A2EB3C357002E0B33 /* ViewModel.swift */ = {isa = PBXFileReference; lastKnownFileType = sourcecode.swift; path = ViewModel.swift; sourceTree = "<group>"; };
		A536339C2EB3C89F002E0B33 /* Model.swift */ = {isa = PBXFileReference; lastKnownFileType = sourcecode.swift; path = Model.swift; sourceTree = "<group>"; };
		A536339E2EB3CCAF002E0B33 /* before.swift */ = {isa = PBXFileReference; lastKnownFileType = sourcecode.swift; path = before.swift; sourceTree = "<group>"; };
		A53633A02EB3EAA9002E0B33 /* ContentView.swift */ = {isa = PBXFileReference; lastKnownFileType = sourcecode.swift; path = ContentView.swift; sourceTree = "<group>"; };
		A53633A22EB4101C002E0B33 /* Boy With Luv.mp3 */ = {isa = PBXFileReference; lastKnownFileType = audio.mp3; path = "Boy With Luv.mp3"; sourceTree = "<group>"; };
		A53633A32EB4101C002E0B33 /* Butter.mp3 */ = {isa = PBXFileReference; lastKnownFileType = audio.mp3; path = Butter.mp3; sourceTree = "<group>"; };
		A53633A42EB4101C002E0B33 /* DNA.mp3 */ = {isa = PBXFileReference; lastKnownFileType = audio.mp3; path = DNA.mp3; sourceTree = "<group>"; };
		A53633A52EB4101C002E0B33 /* doku.mp3 */ = {isa = PBXFileReference; lastKnownFileType = audio.mp3; path = doku.mp3; sourceTree = "<group>"; };
		A53633A62EB4101C002E0B33 /* Dynamite.mp3 */ = {isa = PBXFileReference; lastKnownFileType = audio.mp3; path = Dynamite.mp3; sourceTree = "<group>"; };
		A53633A72EB4101C002E0B33 /* lazy cat.mp3 */ = {isa = PBXFileReference; lastKnownFileType = audio.mp3; path = "lazy cat.mp3"; sourceTree = "<group>"; };
		A53633A82EB4101C002E0B33 /* Permission to Dance.mp3 */ = {isa = PBXFileReference; lastKnownFileType = audio.mp3; path = "Permission to Dance.mp3"; sourceTree = "<group>"; };
		A53633A92EB4101C002E0B33 /* SSS.mp3 */ = {isa = PBXFileReference; lastKnownFileType = audio.mp3; path = SSS.mp3; sourceTree = "<group>"; };
		A53633AA2EB4101C002E0B33 /* Sugar Rush Ride.mp3 */ = {isa = PBXFileReference; lastKnownFileType = audio.mp3; path = "Sugar Rush Ride.mp3"; sourceTree = "<group>"; };
		A53633AB2EB4101C002E0B33 /* アイドル.mp3 */ = {isa = PBXFileReference; lastKnownFileType = audio.mp3; path = "アイドル.mp3"; sourceTree = "<group>"; };
		A53633AC2EB4101C002E0B33 /* ドラマツルギー.mp3 */ = {isa = PBXFileReference; lastKnownFileType = audio.mp3; path = "ドラマツルギー.mp3"; sourceTree = "<group>"; };
		A53633AD2EB4101C002E0B33 /* ナンセンス文学.mp3 */ = {isa = PBXFileReference; lastKnownFileType = audio.mp3; path = "ナンセンス文学.mp3"; sourceTree = "<group>"; };
		A53633AE2EB4101C002E0B33 /* ハルジオン.mp3 */ = {isa = PBXFileReference; lastKnownFileType = audio.mp3; path = "ハルジオン.mp3"; sourceTree = "<group>"; };
		A53633AF2EB4101C002E0B33 /* ファイトソング.mp3 */ = {isa = PBXFileReference; lastKnownFileType = audio.mp3; path = "ファイトソング.mp3"; sourceTree = "<group>"; };
		A53633B02EB4101C002E0B33 /* 廻廻奇譚.mp3 */ = {isa = PBXFileReference; lastKnownFileType = audio.mp3; path = "廻廻奇譚.mp3"; sourceTree = "<group>"; };
		A53633B12EB4101C002E0B33 /* 怪物.mp3 */ = {isa = PBXFileReference; lastKnownFileType = audio.mp3; path = "怪物.mp3"; sourceTree = "<group>"; };
		A53633B22EB4101C002E0B33 /* 群青.mp3 */ = {isa = PBXFileReference; lastKnownFileType = audio.mp3; path = "群青.mp3"; sourceTree = "<group>"; };
		A53633B32EB4101C002E0B33 /* 祝福.mp3 */ = {isa = PBXFileReference; lastKnownFileType = audio.mp3; path = "祝福.mp3"; sourceTree = "<group>"; };
		A53633B42EB4101C002E0B33 /* 色彩.mp3 */ = {isa = PBXFileReference; lastKnownFileType = audio.mp3; path = "色彩.mp3"; sourceTree = "<group>"; };
		A53633B52EB4101C002E0B33 /* 夜に駆ける.mp3 */ = {isa = PBXFileReference; lastKnownFileType = audio.mp3; path = "夜に駆ける.mp3"; sourceTree = "<group>"; };
/* End PBXFileReference section */

/* Begin PBXFrameworksBuildPhase section */
		A517FC682BED3CB8005E6B89 /* Frameworks */ = {
			isa = PBXFrameworksBuildPhase;
			buildActionMask = 2147483647;
			files = (
			);
			runOnlyForDeploymentPostprocessing = 0;
		};
/* End PBXFrameworksBuildPhase section */

/* Begin PBXGroup section */
		A517FC622BED3CB8005E6B89 = {
			isa = PBXGroup;
			children = (
				A517FC6D2BED3CB8005E6B89 /* Intro Quiz */,
				A517FC6C2BED3CB8005E6B89 /* Products */,
			);
			sourceTree = "<group>";
		};
		A517FC6C2BED3CB8005E6B89 /* Products */ = {
			isa = PBXGroup;
			children = (
				A517FC6B2BED3CB8005E6B89 /* Intro Quiz.app */,
			);
			name = Products;
			sourceTree = "<group>";
		};
		A517FC6D2BED3CB8005E6B89 /* Intro Quiz */ = {
			isa = PBXGroup;
			children = (
				A517FC6E2BED3CB8005E6B89 /* IntroQuizApp.swift */,
				A53633A02EB3EAA9002E0B33 /* ContentView.swift */,
				A517FC702BED3CB8005E6B89 /* HomeView.swift */,
				A517FC802BED4241005E6B89 /* QuizView.swift */,
				A53633982EB01391002E0B33 /* CorrectView.swift */,
				A517FC882BED5EAF005E6B89 /* InCorrectView.swift */,
				A517FC942BED9013005E6B89 /* ScoreView.swift */,
				A536339C2EB3C89F002E0B33 /* Model.swift */,
				A536339A2EB3C357002E0B33 /* ViewModel.swift */,
				A536339E2EB3CCAF002E0B33 /* before.swift */,
				A517FC722BED3CB9005E6B89 /* Assets.xcassets */,
				A53633A22EB4101C002E0B33 /* Boy With Luv.mp3 */,
				A53633A32EB4101C002E0B33 /* Butter.mp3 */,
				A53633A42EB4101C002E0B33 /* DNA.mp3 */,
				A53633A52EB4101C002E0B33 /* doku.mp3 */,
				A53633A62EB4101C002E0B33 /* Dynamite.mp3 */,
				A53633A72EB4101C002E0B33 /* lazy cat.mp3 */,
				A53633A82EB4101C002E0B33 /* Permission to Dance.mp3 */,
				A53633A92EB4101C002E0B33 /* SSS.mp3 */,
				A53633AA2EB4101C002E0B33 /* Sugar Rush Ride.mp3 */,
				A53633AB2EB4101C002E0B33 /* アイドル.mp3 */,
				A53633AC2EB4101C002E0B33 /* ドラマツルギー.mp3 */,
				A53633AD2EB4101C002E0B33 /* ナンセンス文学.mp3 */,
				A53633AE2EB4101C002E0B33 /* ハルジオン.mp3 */,
				A53633AF2EB4101C002E0B33 /* ファイトソング.mp3 */,
				A53633B02EB4101C002E0B33 /* 廻廻奇譚.mp3 */,
				A53633B12EB4101C002E0B33 /* 怪物.mp3 */,
				A53633B22EB4101C002E0B33 /* 群青.mp3 */,
				A53633B32EB4101C002E0B33 /* 祝福.mp3 */,
				A53633B42EB4101C002E0B33 /* 色彩.mp3 */,
				A53633B52EB4101C002E0B33 /* 夜に駆ける.mp3 */,
				A517FC742BED3CB9005E6B89 /* Preview Content */,
			);
			path = "Intro Quiz";
			sourceTree = "<group>";
		};
		A517FC742BED3CB9005E6B89 /* Preview Content */ = {
			isa = PBXGroup;
			children = (
				A517FC752BED3CB9005E6B89 /* Preview Assets.xcassets */,
			);
			path = "Preview Content";
			sourceTree = "<group>";
		};
/* End PBXGroup section */

/* Begin PBXNativeTarget section */
		A517FC6A2BED3CB8005E6B89 /* Intro Quiz */ = {
			isa = PBXNativeTarget;
			buildConfigurationList = A517FC792BED3CB9005E6B89 /* Build configuration list for PBXNativeTarget "Intro Quiz" */;
			buildPhases = (
				A517FC672BED3CB8005E6B89 /* Sources */,
				A517FC682BED3CB8005E6B89 /* Frameworks */,
				A517FC692BED3CB8005E6B89 /* Resources */,
			);
			buildRules = (
			);
			dependencies = (
			);
			name = "Intro Quiz";
			productName = "Intro Quiz";
			productReference = A517FC6B2BED3CB8005E6B89 /* Intro Quiz.app */;
			productType = "com.apple.product-type.application";
		};
/* End PBXNativeTarget section */

/* Begin PBXProject section */
		A517FC632BED3CB8005E6B89 /* Project object */ = {
			isa = PBXProject;
			attributes = {
				BuildIndependentTargetsInParallel = 1;
				LastSwiftUpdateCheck = 1530;
				LastUpgradeCheck = 1530;
				TargetAttributes = {
					A517FC6A2BED3CB8005E6B89 = {
						CreatedOnToolsVersion = 15.3;
					};
				};
			};
			buildConfigurationList = A517FC662BED3CB8005E6B89 /* Build configuration list for PBXProject "Intro Quiz" */;
			compatibilityVersion = "Xcode 14.0";
			developmentRegion = en;
			hasScannedForEncodings = 0;
			knownRegions = (
				en,
				Base,
			);
			mainGroup = A517FC622BED3CB8005E6B89;
			productRefGroup = A517FC6C2BED3CB8005E6B89 /* Products */;
			projectDirPath = "";
			projectRoot = "";
			targets = (
				A517FC6A2BED3CB8005E6B89 /* Intro Quiz */,
			);
		};
/* End PBXProject section */

/* Begin PBXResourcesBuildPhase section */
		A517FC692BED3CB8005E6B89 /* Resources */ = {
			isa = PBXResourcesBuildPhase;
			buildActionMask = 2147483647;
			files = (
				A517FC762BED3CB9005E6B89 /* Preview Assets.xcassets in Resources */,
				A53633B62EB4101C002E0B33 /* 夜に駆ける.mp3 in Resources */,
				A53633B72EB4101C002E0B33 /* ハルジオン.mp3 in Resources */,
				A53633B82EB4101C002E0B33 /* 色彩.mp3 in Resources */,
				A53633B92EB4101C002E0B33 /* doku.mp3 in Resources */,
				A53633BA2EB4101C002E0B33 /* SSS.mp3 in Resources */,
				A53633BB2EB4101C002E0B33 /* 祝福.mp3 in Resources */,
				A53633BC2EB4101C002E0B33 /* 群青.mp3 in Resources */,
				A53633BD2EB4101C002E0B33 /* 怪物.mp3 in Resources */,
				A53633BE2EB4101C002E0B33 /* Permission to Dance.mp3 in Resources */,
				A53633BF2EB4101C002E0B33 /* Dynamite.mp3 in Resources */,
				A53633C02EB4101C002E0B33 /* DNA.mp3 in Resources */,
				A53633C12EB4101C002E0B33 /* ドラマツルギー.mp3 in Resources */,
				A53633C22EB4101C002E0B33 /* Butter.mp3 in Resources */,
				A53633C32EB4101C002E0B33 /* アイドル.mp3 in Resources */,
				A53633C42EB4101C002E0B33 /* 廻廻奇譚.mp3 in Resources */,
				A53633C52EB4101C002E0B33 /* Boy With Luv.mp3 in Resources */,
				A53633C62EB4101C002E0B33 /* ファイトソング.mp3 in Resources */,
				A53633C72EB4101C002E0B33 /* ナンセンス文学.mp3 in Resources */,
				A53633C82EB4101C002E0B33 /* Sugar Rush Ride.mp3 in Resources */,
				A53633C92EB4101C002E0B33 /* lazy cat.mp3 in Resources */,
				A517FC732BED3CB9005E6B89 /* Assets.xcassets in Resources */,
			);
			runOnlyForDeploymentPostprocessing = 0;
		};
/* End PBXResourcesBuildPhase section */

/* Begin PBXSourcesBuildPhase section */
		A517FC672BED3CB8005E6B89 /* Sources */ = {
			isa = PBXSourcesBuildPhase;
			buildActionMask = 2147483647;
			files = (
				A517FC892BED5EAF005E6B89 /* InCorrectView.swift in Sources */,
				A517FC812BED4241005E6B89 /* QuizView.swift in Sources */,
				A517FC952BED9013005E6B89 /* ScoreView.swift in Sources */,
				A517FC712BED3CB8005E6B89 /* HomeView.swift in Sources */,
				A517FC6F2BED3CB8005E6B89 /* IntroQuizApp.swift in Sources */,
				A53633992EB01398002E0B33 /* CorrectView.swift in Sources */,
				A53633A12EB3EAB2002E0B33 /* ContentView.swift in Sources */,
				A536339B2EB3C365002E0B33 /* ViewModel.swift in Sources */,
				A536339F2EB3CCB4002E0B33 /* before.swift in Sources */,
				A536339D2EB3C8A3002E0B33 /* Model.swift in Sources */,
			);
			runOnlyForDeploymentPostprocessing = 0;
		};
/* End PBXSourcesBuildPhase section */

/* Begin XCBuildConfiguration section */
		A517FC772BED3CB9005E6B89 /* Debug */ = {
			isa = XCBuildConfiguration;
			buildSettings = {
				ALWAYS_SEARCH_USER_PATHS = NO;
				ASSETCATALOG_COMPILER_GENERATE_SWIFT_ASSET_SYMBOL_EXTENSIONS = YES;
				CLANG_ANALYZER_NONNULL = YES;
				CLANG_ANALYZER_NUMBER_OBJECT_CONVERSION = YES_AGGRESSIVE;
				CLANG_CXX_LANGUAGE_STANDARD = "gnu++20";
				CLANG_ENABLE_MODULES = YES;
				CLANG_ENABLE_OBJC_ARC = YES;
				CLANG_ENABLE_OBJC_WEAK = YES;
				CLANG_WARN_BLOCK_CAPTURE_AUTORELEASING = YES;
				CLANG_WARN_BOOL_CONVERSION = YES;
				CLANG_WARN_COMMA = YES;
				CLANG_WARN_CONSTANT_CONVERSION = YES;
				CLANG_WARN_DEPRECATED_OBJC_IMPLEMENTATIONS = YES;
				CLANG_WARN_DIRECT_OBJC_ISA_USAGE = YES_ERROR;
				CLANG_WARN_DOCUMENTATION_COMMENTS = YES;
				CLANG_WARN_EMPTY_BODY = YES;
				CLANG_WARN_ENUM_CONVERSION = YES;
				CLANG_WARN_INFINITE_RECURSION = YES;
				CLANG_WARN_INT_CONVERSION = YES;
				CLANG_WARN_NON_LITERAL_NULL_CONVERSION = YES;
				CLANG_WARN_OBJC_IMPLICIT_RETAIN_SELF = YES;
				CLANG_WARN_OBJC_LITERAL_CONVERSION = YES;
				CLANG_WARN_OBJC_ROOT_CLASS = YES_ERROR;
				CLANG_WARN_QUOTED_INCLUDE_IN_FRAMEWORK_HEADER = YES;
				CLANG_WARN_RANGE_LOOP_ANALYSIS = YES;
				CLANG_WARN_STRICT_PROTOTYPES = YES;
				CLANG_WARN_SUSPICIOUS_MOVE = YES;
				CLANG_WARN_UNGUARDED_AVAILABILITY = YES_AGGRESSIVE;
				CLANG_WARN_UNREACHABLE_CODE = YES;
				CLANG_WARN__DUPLICATE_METHOD_MATCH = YES;
				COPY_PHASE_STRIP = NO;
				DEBUG_INFORMATION_FORMAT = dwarf;
				ENABLE_STRICT_OBJC_MSGSEND = YES;
				ENABLE_TESTABILITY = YES;
				ENABLE_USER_SCRIPT_SANDBOXING = YES;
				GCC_C_LANGUAGE_STANDARD = gnu17;
				GCC_DYNAMIC_NO_PIC = NO;
				GCC_NO_COMMON_BLOCKS = YES;
				GCC_OPTIMIZATION_LEVEL = 0;
				GCC_PREPROCESSOR_DEFINITIONS = (
					"DEBUG=1",
					"$(inherited)",
				);
				GCC_WARN_64_TO_32_BIT_CONVERSION = YES;
				GCC_WARN_ABOUT_RETURN_TYPE = YES_ERROR;
				GCC_WARN_UNDECLARED_SELECTOR = YES;
				GCC_WARN_UNINITIALIZED_AUTOS = YES_AGGRESSIVE;
				GCC_WARN_UNUSED_FUNCTION = YES;
				GCC_WARN_UNUSED_VARIABLE = YES;
				IPHONEOS_DEPLOYMENT_TARGET = 17.4;
				LOCALIZATION_PREFERS_STRING_CATALOGS = YES;
				MTL_ENABLE_DEBUG_INFO = INCLUDE_SOURCE;
				MTL_FAST_MATH = YES;
				ONLY_ACTIVE_ARCH = YES;
				SDKROOT = iphoneos;
				SWIFT_ACTIVE_COMPILATION_CONDITIONS = "DEBUG $(inherited)";
				SWIFT_OPTIMIZATION_LEVEL = "-Onone";
			};
			name = Debug;
		};
		A517FC782BED3CB9005E6B89 /* Release */ = {
			isa = XCBuildConfiguration;
			buildSettings = {
				ALWAYS_SEARCH_USER_PATHS = NO;
				ASSETCATALOG_COMPILER_GENERATE_SWIFT_ASSET_SYMBOL_EXTENSIONS = YES;
				CLANG_ANALYZER_NONNULL = YES;
				CLANG_ANALYZER_NUMBER_OBJECT_CONVERSION = YES_AGGRESSIVE;
				CLANG_CXX_LANGUAGE_STANDARD = "gnu++20";
				CLANG_ENABLE_MODULES = YES;
				CLANG_ENABLE_OBJC_ARC = YES;
				CLANG_ENABLE_OBJC_WEAK = YES;
				CLANG_WARN_BLOCK_CAPTURE_AUTORELEASING = YES;
				CLANG_WARN_BOOL_CONVERSION = YES;
				CLANG_WARN_COMMA = YES;
				CLANG_WARN_CONSTANT_CONVERSION = YES;
				CLANG_WARN_DEPRECATED_OBJC_IMPLEMENTATIONS = YES;
				CLANG_WARN_DIRECT_OBJC_ISA_USAGE = YES_ERROR;
				CLANG_WARN_DOCUMENTATION_COMMENTS = YES;
				CLANG_WARN_EMPTY_BODY = YES;
				CLANG_WARN_ENUM_CONVERSION = YES;
				CLANG_WARN_INFINITE_RECURSION = YES;
				CLANG_WARN_INT_CONVERSION = YES;
				CLANG_WARN_NON_LITERAL_NULL_CONVERSION = YES;
				CLANG_WARN_OBJC_IMPLICIT_RETAIN_SELF = YES;
				CLANG_WARN_OBJC_LITERAL_CONVERSION = YES;
				CLANG_WARN_OBJC_ROOT_CLASS = YES_ERROR;
				CLANG_WARN_QUOTED_INCLUDE_IN_FRAMEWORK_HEADER = YES;
				CLANG_WARN_RANGE_LOOP_ANALYSIS = YES;
				CLANG_WARN_STRICT_PROTOTYPES = YES;
				CLANG_WARN_SUSPICIOUS_MOVE = YES;
				CLANG_WARN_UNGUARDED_AVAILABILITY = YES_AGGRESSIVE;
				CLANG_WARN_UNREACHABLE_CODE = YES;
				CLANG_WARN__DUPLICATE_METHOD_MATCH = YES;
				COPY_PHASE_STRIP = NO;
				DEBUG_INFORMATION_FORMAT = "dwarf-with-dsym";
				ENABLE_NS_ASSERTIONS = NO;
				ENABLE_STRICT_OBJC_MSGSEND = YES;
				ENABLE_USER_SCRIPT_SANDBOXING = YES;
				GCC_C_LANGUAGE_STANDARD = gnu17;
				GCC_NO_COMMON_BLOCKS = YES;
				GCC_WARN_64_TO_32_BIT_CONVERSION = YES;
				GCC_WARN_ABOUT_RETURN_TYPE = YES_ERROR;
				GCC_WARN_UNDECLARED_SELECTOR = YES;
				GCC_WARN_UNINITIALIZED_AUTOS = YES_AGGRESSIVE;
				GCC_WARN_UNUSED_FUNCTION = YES;
				GCC_WARN_UNUSED_VARIABLE = YES;
				IPHONEOS_DEPLOYMENT_TARGET = 17.4;
				LOCALIZATION_PREFERS_STRING_CATALOGS = YES;
				MTL_ENABLE_DEBUG_INFO = NO;
				MTL_FAST_MATH = YES;
				SDKROOT = iphoneos;
				SWIFT_COMPILATION_MODE = wholemodule;
				VALIDATE_PRODUCT = YES;
			};
			name = Release;
		};
		A517FC7A2BED3CB9005E6B89 /* Debug */ = {
			isa = XCBuildConfiguration;
			buildSettings = {
				ASSETCATALOG_COMPILER_APPICON_NAME = AppIcon;
				ASSETCATALOG_COMPILER_GLOBAL_ACCENT_COLOR_NAME = AccentColor;
				CODE_SIGN_STYLE = Automatic;
				CURRENT_PROJECT_VERSION = 1;
				DEVELOPMENT_ASSET_PATHS = "\"Intro Quiz/Preview Content\"";
				ENABLE_PREVIEWS = YES;
				GENERATE_INFOPLIST_FILE = YES;
				INFOPLIST_KEY_UIApplicationSceneManifest_Generation = YES;
				INFOPLIST_KEY_UIApplicationSupportsIndirectInputEvents = YES;
				INFOPLIST_KEY_UILaunchScreen_Generation = YES;
				INFOPLIST_KEY_UISupportedInterfaceOrientations_iPad = "UIInterfaceOrientationPortrait UIInterfaceOrientationPortraitUpsideDown UIInterfaceOrientationLandscapeLeft UIInterfaceOrientationLandscapeRight";
				INFOPLIST_KEY_UISupportedInterfaceOrientations_iPhone = "UIInterfaceOrientationPortrait UIInterfaceOrientationLandscapeLeft UIInterfaceOrientationLandscapeRight";
				LD_RUNPATH_SEARCH_PATHS = (
					"$(inherited)",
					"@executable_path/Frameworks",
				);
				MARKETING_VERSION = 1.0;
				PRODUCT_BUNDLE_IDENTIFIER = "com.Tsubasa.Intro-Quiz";
				PRODUCT_NAME = "$(TARGET_NAME)";
				SWIFT_EMIT_LOC_STRINGS = YES;
				SWIFT_VERSION = 5.0;
				TARGETED_DEVICE_FAMILY = "1,2";
			};
			name = Debug;
		};
		A517FC7B2BED3CB9005E6B89 /* Release */ = {
			isa = XCBuildConfiguration;
			buildSettings = {
				ASSETCATALOG_COMPILER_APPICON_NAME = AppIcon;
				ASSETCATALOG_COMPILER_GLOBAL_ACCENT_COLOR_NAME = AccentColor;
				CODE_SIGN_STYLE = Automatic;
				CURRENT_PROJECT_VERSION = 1;
				DEVELOPMENT_ASSET_PATHS = "\"Intro Quiz/Preview Content\"";
				ENABLE_PREVIEWS = YES;
				GENERATE_INFOPLIST_FILE = YES;
				INFOPLIST_KEY_UIApplicationSceneManifest_Generation = YES;
				INFOPLIST_KEY_UIApplicationSupportsIndirectInputEvents = YES;
				INFOPLIST_KEY_UILaunchScreen_Generation = YES;
				INFOPLIST_KEY_UISupportedInterfaceOrientations_iPad = "UIInterfaceOrientationPortrait UIInterfaceOrientationPortraitUpsideDown UIInterfaceOrientationLandscapeLeft UIInterfaceOrientationLandscapeRight";
				INFOPLIST_KEY_UISupportedInterfaceOrientations_iPhone = "UIInterfaceOrientationPortrait UIInterfaceOrientationLandscapeLeft UIInterfaceOrientationLandscapeRight";
				LD_RUNPATH_SEARCH_PATHS = (
					"$(inherited)",
					"@executable_path/Frameworks",
				);
				MARKETING_VERSION = 1.0;
				PRODUCT_BUNDLE_IDENTIFIER = "com.Tsubasa.Intro-Quiz";
				PRODUCT_NAME = "$(TARGET_NAME)";
				SWIFT_EMIT_LOC_STRINGS = YES;
				SWIFT_VERSION = 5.0;
				TARGETED_DEVICE_FAMILY = "1,2";
			};
			name = Release;
		};
/* End XCBuildConfiguration section */

/* Begin XCConfigurationList section */
		A517FC662BED3CB8005E6B89 /* Build configuration list for PBXProject "Intro Quiz" */ = {
			isa = XCConfigurationList;
			buildConfigurations = (
				A517FC772BED3CB9005E6B89 /* Debug */,
				A517FC782BED3CB9005E6B89 /* Release */,
			);
			defaultConfigurationIsVisible = 0;
			defaultConfigurationName = Release;
		};
		A517FC792BED3CB9005E6B89 /* Build configuration list for PBXNativeTarget "Intro Quiz" */ = {
			isa = XCConfigurationList;
			buildConfigurations = (
				A517FC7A2BED3CB9005E6B89 /* Debug */,
				A517FC7B2BED3CB9005E6B89 /* Release */,
			);
			defaultConfigurationIsVisible = 0;
			defaultConfigurationName = Release;
		};
/* End XCConfigurationList section */
	};
	rootObject = A517FC632BED3CB8005E6B89 /* Project object */;
}
